
Microsoft Visual Studio Solution File, Format Version 12.00
# Visual Studio Version 16
VisualStudioVersion = 16.0.31829.152
MinimumVisualStudioVersion = 10.0.40219.1
Project("{FAE04EC0-301F-11D3-BF4B-00C04F79EFBC}") = "HDV.Nhom2.NotifyService.HttpApi", "HDV.Nhom2.NotifyService.HttpApi\HDV.Nhom2.NotifyService.HttpApi.csproj", "{A310392A-92CB-4485-A3EF-1C5B49526B7E}"
EndProject
Project("{FAE04EC0-301F-11D3-BF4B-00C04F79EFBC}") = "HDV.Nhom2.NotifyWorkItemService.HttpApi", "HDV.Nhom2.NotifyWorkItemService.HttpApi\HDV.Nhom2.NotifyWorkItemService.HttpApi.csproj", "{381C03C0-4EC9-465B-83CC-45413FFBD5A6}"
EndProject
Global
	GlobalSection(SolutionConfigurationPlatforms) = preSolution
		Debug|Any CPU = Debug|Any CPU
		Release|Any CPU = Release|Any CPU
	EndGlobalSection
	GlobalSection(ProjectConfigurationPlatforms) = postSolution
		{A310392A-92CB-4485-A3EF-1C5B49526B7E}.Debug|Any CPU.ActiveCfg = Debug|Any CPU
		{A310392A-92CB-4485-A3EF-1C5B49526B7E}.Debug|Any CPU.Build.0 = Debug|Any CPU
		{A310392A-92CB-4485-A3EF-1C5B49526B7E}.Release|Any CPU.ActiveCfg = Release|Any CPU
		{A310392A-92CB-4485-A3EF-1C5B49526B7E}.Release|Any CPU.Build.0 = Release|Any CPU
		{381C03C0-4EC9-465B-83CC-45413FFBD5A6}.Debug|Any CPU.ActiveCfg = Debug|Any CPU
		{381C03C0-4EC9-465B-83CC-45413FFBD5A6}.Debug|Any CPU.Build.0 = Debug|Any CPU
		{381C03C0-4EC9-465B-83CC-45413FFBD5A6}.Release|Any CPU.ActiveCfg = Release|Any CPU
		{381C03C0-4EC9-465B-83CC-45413FFBD5A6}.Release|Any CPU.Build.0 = Release|Any CPU
	EndGlobalSection
	GlobalSection(SolutionProperties) = preSolution
		HideSolutionNode = FALSE
	EndGlobalSection
	GlobalSection(ExtensibilityGlobals) = postSolution
		SolutionGuid = {EF638ED1-FD1F-4749-989C-27DF7927CBD4}
	EndGlobalSection
EndGlobal
