
Microsoft Visual Studio Solution File, Format Version 12.00
# Visual Studio Version 16
VisualStudioVersion = 16.0.31829.152
MinimumVisualStudioVersion = 10.0.40219.1
Project("{9A19103F-16F7-4668-BE54-9A1E7A4F7556}") = "HDV.BTL.Auth", "HDV.BTL.Auth\HDV.BTL.Auth.csproj", "{0D8234E9-E9F5-4269-A64F-DCB9BC9609B5}"
EndProject
Project("{E53339B2-1760-4266-BCC7-CA923CBCF16C}") = "docker-compose", "docker-compose.dcproj", "{2D52BB22-836B-4197-9055-399CACB14EE3}"
EndProject
Global
	GlobalSection(SolutionConfigurationPlatforms) = preSolution
		Debug|Any CPU = Debug|Any CPU
		Release|Any CPU = Release|Any CPU
	EndGlobalSection
	GlobalSection(ProjectConfigurationPlatforms) = postSolution
		{0D8234E9-E9F5-4269-A64F-DCB9BC9609B5}.Debug|Any CPU.ActiveCfg = Debug|Any CPU
		{0D8234E9-E9F5-4269-A64F-DCB9BC9609B5}.Debug|Any CPU.Build.0 = Debug|Any CPU
		{0D8234E9-E9F5-4269-A64F-DCB9BC9609B5}.Release|Any CPU.ActiveCfg = Release|Any CPU
		{0D8234E9-E9F5-4269-A64F-DCB9BC9609B5}.Release|Any CPU.Build.0 = Release|Any CPU
		{2D52BB22-836B-4197-9055-399CACB14EE3}.Debug|Any CPU.ActiveCfg = Debug|Any CPU
		{2D52BB22-836B-4197-9055-399CACB14EE3}.Debug|Any CPU.Build.0 = Debug|Any CPU
		{2D52BB22-836B-4197-9055-399CACB14EE3}.Release|Any CPU.ActiveCfg = Release|Any CPU
		{2D52BB22-836B-4197-9055-399CACB14EE3}.Release|Any CPU.Build.0 = Release|Any CPU
	EndGlobalSection
	GlobalSection(SolutionProperties) = preSolution
		HideSolutionNode = FALSE
	EndGlobalSection
	GlobalSection(ExtensibilityGlobals) = postSolution
		SolutionGuid = {6EEC2481-85C9-45CE-9D89-AF1DA7333C5E}
	EndGlobalSection
EndGlobal
