
Microsoft Visual Studio Solution File, Format Version 12.00
# Visual Studio Version 16
VisualStudioVersion = 16.0.31829.152
MinimumVisualStudioVersion = 10.0.40219.1
Project("{FAE04EC0-301F-11D3-BF4B-00C04F79EFBC}") = "HDV.Nhom2.AuthService.HttpApi", "HDV.Nhom2.AuthService.HttpApi\HDV.Nhom2.AuthService.HttpApi.csproj", "{3CCDE451-E113-4EC7-95CF-CC87FC569CB9}"
EndProject
Project("{FAE04EC0-301F-11D3-BF4B-00C04F79EFBC}") = "HDV.Nhom2.AuthService.BL", "HDV.Nhom2.AuthService.BL\HDV.Nhom2.AuthService.BL.csproj", "{2B5DC94D-E581-4EF9-BECF-EFE34A046779}"
EndProject
Project("{FAE04EC0-301F-11D3-BF4B-00C04F79EFBC}") = "HDV.Nhom2.AuthService.DL", "HDV.Nhom2.AuthService.DL\HDV.Nhom2.AuthService.DL.csproj", "{8F0B793B-0D89-4C3E-A29E-A661B1EC1AA1}"
EndProject
Global
	GlobalSection(SolutionConfigurationPlatforms) = preSolution
		Debug|Any CPU = Debug|Any CPU
		Release|Any CPU = Release|Any CPU
	EndGlobalSection
	GlobalSection(ProjectConfigurationPlatforms) = postSolution
		{3CCDE451-E113-4EC7-95CF-CC87FC569CB9}.Debug|Any CPU.ActiveCfg = Debug|Any CPU
		{3CCDE451-E113-4EC7-95CF-CC87FC569CB9}.Debug|Any CPU.Build.0 = Debug|Any CPU
		{3CCDE451-E113-4EC7-95CF-CC87FC569CB9}.Release|Any CPU.ActiveCfg = Release|Any CPU
		{3CCDE451-E113-4EC7-95CF-CC87FC569CB9}.Release|Any CPU.Build.0 = Release|Any CPU
		{2B5DC94D-E581-4EF9-BECF-EFE34A046779}.Debug|Any CPU.ActiveCfg = Debug|Any CPU
		{2B5DC94D-E581-4EF9-BECF-EFE34A046779}.Debug|Any CPU.Build.0 = Debug|Any CPU
		{2B5DC94D-E581-4EF9-BECF-EFE34A046779}.Release|Any CPU.ActiveCfg = Release|Any CPU
		{2B5DC94D-E581-4EF9-BECF-EFE34A046779}.Release|Any CPU.Build.0 = Release|Any CPU
		{8F0B793B-0D89-4C3E-A29E-A661B1EC1AA1}.Debug|Any CPU.ActiveCfg = Debug|Any CPU
		{8F0B793B-0D89-4C3E-A29E-A661B1EC1AA1}.Debug|Any CPU.Build.0 = Debug|Any CPU
		{8F0B793B-0D89-4C3E-A29E-A661B1EC1AA1}.Release|Any CPU.ActiveCfg = Release|Any CPU
		{8F0B793B-0D89-4C3E-A29E-A661B1EC1AA1}.Release|Any CPU.Build.0 = Release|Any CPU
	EndGlobalSection
	GlobalSection(SolutionProperties) = preSolution
		HideSolutionNode = FALSE
	EndGlobalSection
	GlobalSection(ExtensibilityGlobals) = postSolution
		SolutionGuid = {A8BE4470-305C-4269-908F-A7D994C38678}
	EndGlobalSection
EndGlobal
